
Microsoft Visual Studio Solution File, Format Version 12.00
Project("{FAE04EC0-301F-11D3-BF4B-00C04F79EFBC}") = "MAS-Restaurant", "MAS-Restaurant.csproj", "{E156D847-4CBB-4726-8E10-F1899EE1272C}"
EndProject
Global
	GlobalSection(SolutionConfigurationPlatforms) = preSolution
		Debug|Any CPU = Debug|Any CPU
		Release|Any CPU = Release|Any CPU
	EndGlobalSection
	GlobalSection(ProjectConfigurationPlatforms) = postSolution
		{E156D847-4CBB-4726-8E10-F1899EE1272C}.Debug|Any CPU.ActiveCfg = Debug|Any CPU
		{E156D847-4CBB-4726-8E10-F1899EE1272C}.Debug|Any CPU.Build.0 = Debug|Any CPU
		{E156D847-4CBB-4726-8E10-F1899EE1272C}.Release|Any CPU.ActiveCfg = Release|Any CPU
		{E156D847-4CBB-4726-8E10-F1899EE1272C}.Release|Any CPU.Build.0 = Release|Any CPU
	EndGlobalSection
EndGlobal
